
Microsoft Visual Studio Solution File, Format Version 11.00
# Visual Studio 2010
# SharpDevelop 5.1
Project("{FAE04EC0-301F-11D3-BF4B-00C04F79EFBC}") = "Caro", "Caro\Caro.csproj", "{7413A861-7D46-423D-BE22-6F7B516B1738}"
EndProject
Global
	GlobalSection(SolutionConfigurationPlatforms) = preSolution
		Debug|Any CPU = Debug|Any CPU
		Release|Any CPU = Release|Any CPU
	EndGlobalSection
	GlobalSection(ProjectConfigurationPlatforms) = postSolution
		{7413A861-7D46-423D-BE22-6F7B516B1738}.Debug|Any CPU.ActiveCfg = Debug|Any CPU
		{7413A861-7D46-423D-BE22-6F7B516B1738}.Debug|Any CPU.Build.0 = Debug|Any CPU
		{7413A861-7D46-423D-BE22-6F7B516B1738}.Release|Any CPU.ActiveCfg = Release|Any CPU
		{7413A861-7D46-423D-BE22-6F7B516B1738}.Release|Any CPU.Build.0 = Release|Any CPU
	EndGlobalSection
EndGlobal
