
Microsoft Visual Studio Solution File, Format Version 11.00
# Visual Studio 2010
# SharpDevelop 5.1
Project("{FAE04EC0-301F-11D3-BF4B-00C04F79EFBC}") = "Baitaparrry", "Baitaparrry\Baitaparrry.csproj", "{974F7395-74FE-4023-B496-7E6404CE5A3B}"
EndProject
Global
	GlobalSection(SolutionConfigurationPlatforms) = preSolution
		Debug|Any CPU = Debug|Any CPU
		Release|Any CPU = Release|Any CPU
	EndGlobalSection
	GlobalSection(ProjectConfigurationPlatforms) = postSolution
		{974F7395-74FE-4023-B496-7E6404CE5A3B}.Debug|Any CPU.ActiveCfg = Debug|Any CPU
		{974F7395-74FE-4023-B496-7E6404CE5A3B}.Debug|Any CPU.Build.0 = Debug|Any CPU
		{974F7395-74FE-4023-B496-7E6404CE5A3B}.Release|Any CPU.ActiveCfg = Release|Any CPU
		{974F7395-74FE-4023-B496-7E6404CE5A3B}.Release|Any CPU.Build.0 = Release|Any CPU
	EndGlobalSection
EndGlobal
